<?xml version="1.0" encoding="utf-8"?>
<Project ToolsVersion="4.0" xmlns="http://schemas.microsoft.com/developer/msbuild/2003">
  <ItemGroup>
    <Filter Include="Source Files">
      <UniqueIdentifier>{4FC737F1-C7A5-4376-A066-2A32D752A2FF}</UniqueIdentifier>
      <Extensions>cpp;c;cc;cxx;c++;cppm;ixx;def;odl;idl;hpj;bat;asm;asmx</Extensions>
    </Filter>
    <Filter Include="Header Files">
      <UniqueIdentifier>{93995380-89BD-4b04-88EB-625FBE52EBFB}</UniqueIdentifier>
      <Extensions>h;hh;hpp;hxx;h++;hm;inl;inc;ipp;xsd</Extensions>
    </Filter>
    <Filter Include="Resource Files">
      <UniqueIdentifier>{67DA6AB6-F800-4c08-8B7A-83BB121AAD01}</UniqueIdentifier>
      <Extensions>rc;ico;cur;bmp;dlg;rc2;rct;bin;rgs;gif;jpg;jpeg;jpe;resx;tiff;tif;png;wav;mfcribbon-ms</Extensions>
    </Filter>
  </ItemGroup>
  <ItemGroup>
    <ClCompile Include="frequency_main.cc">
      <Filter>Source Files</Filter>
    </ClCompile>
    <ClCompile Include="engine\core\GObject.cc">
      <Filter>Source Files</Filter>
    </ClCompile>
    <ClCompile Include="engine\core\Component.cc">
      <Filter>Source Files</Filter>
    </ClCompile>
    <ClCompile Include="engine\core\ResourceManager.cc">
      <Filter>Source Files</Filter>
    </ClCompile>
    <ClCompile Include="engine\core\Token.cc">
      <Filter>Source Files</Filter>
    </ClCompile>
    <ClCompile Include="engine\core\GOList.cc">
      <Filter>Source Files</Filter>
    </ClCompile>
    <ClCompile Include="engine\core\StateManager.cc">
      <Filter>Source Files</Filter>
    </ClCompile>
    <ClCompile Include="engine\math\Vector.cc">
      <Filter>Source Files</Filter>
    </ClCompile>
    <ClCompile Include="engine\physics\ColliderComponent.cc">
      <Filter>Source Files</Filter>
    </ClCompile>
    <ClCompile Include="engine\physics\ColliderShapes.cc">
      <Filter>Source Files</Filter>
    </ClCompile>
    <ClCompile Include="engine\physics\PhysicsExtension.cc">
      <Filter>Source Files</Filter>
    </ClCompile>
    <ClCompile Include="engine\physics\CollisionHelper.cc">
      <Filter>Source Files</Filter>
    </ClCompile>
    <ClCompile Include="engine\physics\Quadtree.cc">
      <Filter>Source Files</Filter>
    </ClCompile>
    <ClCompile Include="engine\math\AABB.cc">
      <Filter>Source Files</Filter>
    </ClCompile>
    <ClCompile Include="engine\physics\CellPartition.cc">
      <Filter>Source Files</Filter>
    </ClCompile>
    <ClCompile Include="engine\physics\Solver.cc">
      <Filter>Source Files</Filter>
    </ClCompile>
    <ClCompile Include="engine\render\ImageResource.cc">
      <Filter>Source Files</Filter>
    </ClCompile>
    <ClCompile Include="engine\render\RenderComponent.cc">
      <Filter>Source Files</Filter>
    </ClCompile>
    <ClCompile Include="engine\render\RenderExtension.cc">
      <Filter>Source Files</Filter>
    </ClCompile>
    <ClCompile Include="engine\render\RenderMeshResource.cc">
      <Filter>Source Files</Filter>
    </ClCompile>
    <ClCompile Include="engine\render\ShaderResource.cc">
      <Filter>Source Files</Filter>
    </ClCompile>
    <ClCompile Include="engine\render\ImageComponent.cc">
      <Filter>Source Files</Filter>
    </ClCompile>
    <ClCompile Include="engine\render\Camera.cc">
      <Filter>Source Files</Filter>
    </ClCompile>
    <ClCompile Include="engine\render\AnimationComponent.cc">
      <Filter>Source Files</Filter>
    </ClCompile>
    <ClCompile Include="engine\render\SpritesheetResource.cc">
      <Filter>Source Files</Filter>
    </ClCompile>
    <ClCompile Include="engine\render\AnimationController.cc">
      <Filter>Source Files</Filter>
    </ClCompile>
    <ClCompile Include="engine\render\TransitionRule.cc">
      <Filter>Source Files</Filter>
    </ClCompile>
  </ItemGroup>
  <ItemGroup>
    <None Include=".clang-format">
      <Filter>Source Files</Filter>
    </None>
  </ItemGroup>
  <ItemGroup>
    <ClInclude Include="engine\core\GObject.hh">
      <Filter>Source Files</Filter>
    </ClInclude>
    <ClInclude Include="engine\core\Component.hh">
      <Filter>Source Files</Filter>
    </ClInclude>
    <ClInclude Include="engine\core\ResourceManager.hh">
      <Filter>Source Files</Filter>
    </ClInclude>
    <ClInclude Include="engine\core\Token.hh">
      <Filter>Source Files</Filter>
    </ClInclude>
    <ClInclude Include="engine\core\EngineResource.hh">
      <Filter>Source Files</Filter>
    </ClInclude>
    <ClInclude Include="engine\core\GOList.hh">
      <Filter>Source Files</Filter>
    </ClInclude>
    <ClInclude Include="engine\core\StateManager.hh">
      <Filter>Source Files</Filter>
    </ClInclude>
    <ClInclude Include="engine\math\Vector.hh">
      <Filter>Source Files</Filter>
    </ClInclude>
    <ClInclude Include="engine\physics\ColliderComponent.hh">
      <Filter>Source Files</Filter>
    </ClInclude>
    <ClInclude Include="engine\physics\PhysicsExtension.hh">
      <Filter>Source Files</Filter>
    </ClInclude>
    <ClInclude Include="engine\physics\CircleCollider.hh">
      <Filter>Source Files</Filter>
    </ClInclude>
    <ClInclude Include="engine\physics\CollisionHelper.hh">
      <Filter>Source Files</Filter>
    </ClInclude>
    <ClInclude Include="engine\physics\Quadtree.hh">
      <Filter>Source Files</Filter>
    </ClInclude>
    <ClInclude Include="engine\math\AABB.hh">
      <Filter>Source Files</Filter>
    </ClInclude>
    <ClInclude Include="engine\physics\SpatialPartition.hh">
      <Filter>Source Files</Filter>
    </ClInclude>
    <ClInclude Include="engine\core\Extension.hh">
      <Filter>Source Files</Filter>
    </ClInclude>
    <ClInclude Include="engine\physics\CellPartition.hh">
      <Filter>Source Files</Filter>
    </ClInclude>
    <ClInclude Include="engine\physics\ConvexPolyCollider.hh">
      <Filter>Source Files</Filter>
    </ClInclude>
    <ClInclude Include="engine\physics\Solver.hh">
      <Filter>Source Files</Filter>
    </ClInclude>
    <ClInclude Include="engine\physics\AABoxCollider.hh">
      <Filter>Source Files</Filter>
    </ClInclude>
    <ClInclude Include="engine\physics\MeshCollider.hh">
      <Filter>Source Files</Filter>
    </ClInclude>
    <ClInclude Include="engine\render\ImageResource.hh">
      <Filter>Source Files</Filter>
    </ClInclude>
    <ClInclude Include="engine\render\RenderComponent.hh">
      <Filter>Source Files</Filter>
    </ClInclude>
    <ClInclude Include="engine\render\RenderExtension.hh">
      <Filter>Source Files</Filter>
    </ClInclude>
    <ClInclude Include="engine\render\RenderMeshResource.hh">
      <Filter>Source Files</Filter>
    </ClInclude>
    <ClInclude Include="engine\render\ShaderResource.hh">
      <Filter>Source Files</Filter>
    </ClInclude>
    <ClInclude Include="engine\render\ImageComponent.hh">
      <Filter>Source Files</Filter>
    </ClInclude>
    <ClInclude Include="engine\render\Camera.hh">
      <Filter>Source Files</Filter>
    </ClInclude>
    <ClInclude Include="engine\render\AnimationComponent.hh">
      <Filter>Source Files</Filter>
    </ClInclude>
    <ClInclude Include="engine\render\SpritesheetResource.hh">
      <Filter>Source Files</Filter>
    </ClInclude>
    <ClInclude Include="engine\core\ComponentGen.hh">
      <Filter>Source Files</Filter>
    </ClInclude>
    <ClInclude Include="engine\render\AnimationController.hh">
      <Filter>Source Files</Filter>
    </ClInclude>
    <ClInclude Include="engine\render\TransitionRule.hh">
      <Filter>Source Files</Filter>
    </ClInclude>
  </ItemGroup>
</Project>